// !$*UTF8*$!
{
	archiveVersion = 1;
	classes = {
	};
	objectVersion = 46;
	objects = {

/* Begin PBXBuildFile section */
		C87F88E61A33EDBA00AC99D5 /* AppDelegate.swift in Sources */ = {isa = PBXBuildFile; fileRef = C87F88E51A33EDBA00AC99D5 /* AppDelegate.swift */; };
		C87F88E81A33EDBA00AC99D5 /* GameScene.sks in Resources */ = {isa = PBXBuildFile; fileRef = C87F88E71A33EDBA00AC99D5 /* GameScene.sks */; };
		C87F88EA1A33EDBA00AC99D5 /* GameScene.swift in Sources */ = {isa = PBXBuildFile; fileRef = C87F88E91A33EDBA00AC99D5 /* GameScene.swift */; };
		C87F88EC1A33EDBA00AC99D5 /* GameViewController.swift in Sources */ = {isa = PBXBuildFile; fileRef = C87F88EB1A33EDBA00AC99D5 /* GameViewController.swift */; };
		C87F88EF1A33EDBA00AC99D5 /* Main.storyboard in Resources */ = {isa = PBXBuildFile; fileRef = C87F88ED1A33EDBA00AC99D5 /* Main.storyboard */; };
		C87F88F11A33EDBA00AC99D5 /* Images.xcassets in Resources */ = {isa = PBXBuildFile; fileRef = C87F88F01A33EDBA00AC99D5 /* Images.xcassets */; };
		C87F88F41A33EDBA00AC99D5 /* LaunchScreen.xib in Resources */ = {isa = PBXBuildFile; fileRef = C87F88F21A33EDBA00AC99D5 /* LaunchScreen.xib */; };
		C87F89001A33EDBA00AC99D5 /* NodesTests.swift in Sources */ = {isa = PBXBuildFile; fileRef = C87F88FF1A33EDBA00AC99D5 /* NodesTests.swift */; };
		C87F890A1A33EDFB00AC99D5 /* SpriteKit+Spring.swift in Sources */ = {isa = PBXBuildFile; fileRef = C87F89091A33EDFB00AC99D5 /* SpriteKit+Spring.swift */; };
		C87F89141A33EF5000AC99D5 /* 120 - iPhone App Icon.png in Resources */ = {isa = PBXBuildFile; fileRef = C87F890C1A33EF5000AC99D5 /* 120 - iPhone App Icon.png */; };
		C87F89151A33EF5000AC99D5 /* background@2x.png in Resources */ = {isa = PBXBuildFile; fileRef = C87F890D1A33EF5000AC99D5 /* background@2x.png */; };
		C87F89161A33EF5000AC99D5 /* launchImage@2x.png in Resources */ = {isa = PBXBuildFile; fileRef = C87F890E1A33EF5000AC99D5 /* launchImage@2x.png */; };
		C87F89171A33EF5000AC99D5 /* nodeB@2x.png in Resources */ = {isa = PBXBuildFile; fileRef = C87F890F1A33EF5000AC99D5 /* nodeB@2x.png */; };
		C87F89181A33EF5000AC99D5 /* nodeG@2x.png in Resources */ = {isa = PBXBuildFile; fileRef = C87F89101A33EF5000AC99D5 /* nodeG@2x.png */; };
		C87F89191A33EF5000AC99D5 /* nodeM@2x.png in Resources */ = {isa = PBXBuildFile; fileRef = C87F89111A33EF5000AC99D5 /* nodeM@2x.png */; };
		C87F891A1A33EF5000AC99D5 /* nodeR@2x.png in Resources */ = {isa = PBXBuildFile; fileRef = C87F89121A33EF5000AC99D5 /* nodeR@2x.png */; };
		C87F891B1A33EF5000AC99D5 /* nodeT@2x.png in Resources */ = {isa = PBXBuildFile; fileRef = C87F89131A33EF5000AC99D5 /* nodeT@2x.png */; };
		C8E024621A34D45E0057D34B /* centerRing@2x.png in Resources */ = {isa = PBXBuildFile; fileRef = C8E024611A34D45E0057D34B /* centerRing@2x.png */; };
/* End PBXBuildFile section */

/* Begin PBXContainerItemProxy section */
		C87F88FA1A33EDBA00AC99D5 /* PBXContainerItemProxy */ = {
			isa = PBXContainerItemProxy;
			containerPortal = C87F88D81A33EDBA00AC99D5 /* Project object */;
			proxyType = 1;
			remoteGlobalIDString = C87F88DF1A33EDBA00AC99D5;
			remoteInfo = Nodes;
		};
/* End PBXContainerItemProxy section */

/* Begin PBXFileReference section */
		C87F88E01A33EDBA00AC99D5 /* Nodes.app */ = {isa = PBXFileReference; explicitFileType = wrapper.application; includeInIndex = 0; path = Nodes.app; sourceTree = BUILT_PRODUCTS_DIR; };
		C87F88E41A33EDBA00AC99D5 /* Info.plist */ = {isa = PBXFileReference; lastKnownFileType = text.plist.xml; path = Info.plist; sourceTree = "<group>"; };
		C87F88E51A33EDBA00AC99D5 /* AppDelegate.swift */ = {isa = PBXFileReference; lastKnownFileType = sourcecode.swift; path = AppDelegate.swift; sourceTree = "<group>"; };
		C87F88E71A33EDBA00AC99D5 /* GameScene.sks */ = {isa = PBXFileReference; lastKnownFileType = file.sks; path = GameScene.sks; sourceTree = "<group>"; };
		C87F88E91A33EDBA00AC99D5 /* GameScene.swift */ = {isa = PBXFileReference; lastKnownFileType = sourcecode.swift; path = GameScene.swift; sourceTree = "<group>"; };
		C87F88EB1A33EDBA00AC99D5 /* GameViewController.swift */ = {isa = PBXFileReference; lastKnownFileType = sourcecode.swift; path = GameViewController.swift; sourceTree = "<group>"; };
		C87F88EE1A33EDBA00AC99D5 /* Base */ = {isa = PBXFileReference; lastKnownFileType = file.storyboard; name = Base; path = Base.lproj/Main.storyboard; sourceTree = "<group>"; };
		C87F88F01A33EDBA00AC99D5 /* Images.xcassets */ = {isa = PBXFileReference; lastKnownFileType = folder.assetcatalog; path = Images.xcassets; sourceTree = "<group>"; };
		C87F88F31A33EDBA00AC99D5 /* Base */ = {isa = PBXFileReference; lastKnownFileType = file.xib; name = Base; path = Base.lproj/LaunchScreen.xib; sourceTree = "<group>"; };
		C87F88F91A33EDBA00AC99D5 /* NodesTests.xctest */ = {isa = PBXFileReference; explicitFileType = wrapper.cfbundle; includeInIndex = 0; path = NodesTests.xctest; sourceTree = BUILT_PRODUCTS_DIR; };
		C87F88FE1A33EDBA00AC99D5 /* Info.plist */ = {isa = PBXFileReference; lastKnownFileType = text.plist.xml; path = Info.plist; sourceTree = "<group>"; };
		C87F88FF1A33EDBA00AC99D5 /* NodesTests.swift */ = {isa = PBXFileReference; lastKnownFileType = sourcecode.swift; path = NodesTests.swift; sourceTree = "<group>"; };
		C87F89091A33EDFB00AC99D5 /* SpriteKit+Spring.swift */ = {isa = PBXFileReference; fileEncoding = 4; lastKnownFileType = sourcecode.swift; path = "SpriteKit+Spring.swift"; sourceTree = "<group>"; };
		C87F890C1A33EF5000AC99D5 /* 120 - iPhone App Icon.png */ = {isa = PBXFileReference; lastKnownFileType = image.png; path = "120 - iPhone App Icon.png"; sourceTree = "<group>"; };
		C87F890D1A33EF5000AC99D5 /* background@2x.png */ = {isa = PBXFileReference; lastKnownFileType = image.png; path = "background@2x.png"; sourceTree = "<group>"; };
		C87F890E1A33EF5000AC99D5 /* launchImage@2x.png */ = {isa = PBXFileReference; lastKnownFileType = image.png; path = "launchImage@2x.png"; sourceTree = "<group>"; };
		C87F890F1A33EF5000AC99D5 /* nodeB@2x.png */ = {isa = PBXFileReference; lastKnownFileType = image.png; path = "nodeB@2x.png"; sourceTree = "<group>"; };
		C87F89101A33EF5000AC99D5 /* nodeG@2x.png */ = {isa = PBXFileReference; lastKnownFileType = image.png; path = "nodeG@2x.png"; sourceTree = "<group>"; };
		C87F89111A33EF5000AC99D5 /* nodeM@2x.png */ = {isa = PBXFileReference; lastKnownFileType = image.png; path = "nodeM@2x.png"; sourceTree = "<group>"; };
		C87F89121A33EF5000AC99D5 /* nodeR@2x.png */ = {isa = PBXFileReference; lastKnownFileType = image.png; path = "nodeR@2x.png"; sourceTree = "<group>"; };
		C87F89131A33EF5000AC99D5 /* nodeT@2x.png */ = {isa = PBXFileReference; lastKnownFileType = image.png; path = "nodeT@2x.png"; sourceTree = "<group>"; };
		C8E024611A34D45E0057D34B /* centerRing@2x.png */ = {isa = PBXFileReference; lastKnownFileType = image.png; path = "centerRing@2x.png"; sourceTree = "<group>"; };
/* End PBXFileReference section */

/* Begin PBXFrameworksBuildPhase section */
		C87F88DD1A33EDBA00AC99D5 /* Frameworks */ = {
			isa = PBXFrameworksBuildPhase;
			buildActionMask = 2147483647;
			files = (
			);
			runOnlyForDeploymentPostprocessing = 0;
		};
		C87F88F61A33EDBA00AC99D5 /* Frameworks */ = {
			isa = PBXFrameworksBuildPhase;
			buildActionMask = 2147483647;
			files = (
			);
			runOnlyForDeploymentPostprocessing = 0;
		};
/* End PBXFrameworksBuildPhase section */

/* Begin PBXGroup section */
		C87F88D71A33EDBA00AC99D5 = {
			isa = PBXGroup;
			children = (
				C87F88E21A33EDBA00AC99D5 /* Nodes */,
				C87F88FC1A33EDBA00AC99D5 /* NodesTests */,
				C87F88E11A33EDBA00AC99D5 /* Products */,
			);
			sourceTree = "<group>";
		};
		C87F88E11A33EDBA00AC99D5 /* Products */ = {
			isa = PBXGroup;
			children = (
				C87F88E01A33EDBA00AC99D5 /* Nodes.app */,
				C87F88F91A33EDBA00AC99D5 /* NodesTests.xctest */,
			);
			name = Products;
			sourceTree = "<group>";
		};
		C87F88E21A33EDBA00AC99D5 /* Nodes */ = {
			isa = PBXGroup;
			children = (
				C87F88E51A33EDBA00AC99D5 /* AppDelegate.swift */,
				C87F88E71A33EDBA00AC99D5 /* GameScene.sks */,
				C87F88E91A33EDBA00AC99D5 /* GameScene.swift */,
				C87F88EB1A33EDBA00AC99D5 /* GameViewController.swift */,
				C87F88ED1A33EDBA00AC99D5 /* Main.storyboard */,
				C87F88F01A33EDBA00AC99D5 /* Images.xcassets */,
				C87F88F21A33EDBA00AC99D5 /* LaunchScreen.xib */,
				C87F89091A33EDFB00AC99D5 /* SpriteKit+Spring.swift */,
				C87F88E31A33EDBA00AC99D5 /* Supporting Files */,
			);
			path = Nodes;
			sourceTree = "<group>";
		};
		C87F88E31A33EDBA00AC99D5 /* Supporting Files */ = {
			isa = PBXGroup;
			children = (
				C87F890B1A33EF5000AC99D5 /* Assets */,
				C87F88E41A33EDBA00AC99D5 /* Info.plist */,
			);
			name = "Supporting Files";
			sourceTree = "<group>";
		};
		C87F88FC1A33EDBA00AC99D5 /* NodesTests */ = {
			isa = PBXGroup;
			children = (
				C87F88FF1A33EDBA00AC99D5 /* NodesTests.swift */,
				C87F88FD1A33EDBA00AC99D5 /* Supporting Files */,
			);
			path = NodesTests;
			sourceTree = "<group>";
		};
		C87F88FD1A33EDBA00AC99D5 /* Supporting Files */ = {
			isa = PBXGroup;
			children = (
				C87F88FE1A33EDBA00AC99D5 /* Info.plist */,
			);
			name = "Supporting Files";
			sourceTree = "<group>";
		};
		C87F890B1A33EF5000AC99D5 /* Assets */ = {
			isa = PBXGroup;
			children = (
				C87F890C1A33EF5000AC99D5 /* 120 - iPhone App Icon.png */,
				C87F890D1A33EF5000AC99D5 /* background@2x.png */,
				C87F890E1A33EF5000AC99D5 /* launchImage@2x.png */,
				C87F890F1A33EF5000AC99D5 /* nodeB@2x.png */,
				C87F89101A33EF5000AC99D5 /* nodeG@2x.png */,
				C8E024611A34D45E0057D34B /* centerRing@2x.png */,
				C87F89111A33EF5000AC99D5 /* nodeM@2x.png */,
				C87F89121A33EF5000AC99D5 /* nodeR@2x.png */,
				C87F89131A33EF5000AC99D5 /* nodeT@2x.png */,
			);
			path = Assets;
			sourceTree = "<group>";
		};
/* End PBXGroup section */

/* Begin PBXNativeTarget section */
		C87F88DF1A33EDBA00AC99D5 /* Nodes */ = {
			isa = PBXNativeTarget;
			buildConfigurationList = C87F89031A33EDBA00AC99D5 /* Build configuration list for PBXNativeTarget "Nodes" */;
			buildPhases = (
				C87F88DC1A33EDBA00AC99D5 /* Sources */,
				C87F88DD1A33EDBA00AC99D5 /* Frameworks */,
				C87F88DE1A33EDBA00AC99D5 /* Resources */,
			);
			buildRules = (
			);
			dependencies = (
			);
			name = Nodes;
			productName = Nodes;
			productReference = C87F88E01A33EDBA00AC99D5 /* Nodes.app */;
			productType = "com.apple.product-type.application";
		};
		C87F88F81A33EDBA00AC99D5 /* NodesTests */ = {
			isa = PBXNativeTarget;
			buildConfigurationList = C87F89061A33EDBA00AC99D5 /* Build configuration list for PBXNativeTarget "NodesTests" */;
			buildPhases = (
				C87F88F51A33EDBA00AC99D5 /* Sources */,
				C87F88F61A33EDBA00AC99D5 /* Frameworks */,
				C87F88F71A33EDBA00AC99D5 /* Resources */,
			);
			buildRules = (
			);
			dependencies = (
				C87F88FB1A33EDBA00AC99D5 /* PBXTargetDependency */,
			);
			name = NodesTests;
			productName = NodesTests;
			productReference = C87F88F91A33EDBA00AC99D5 /* NodesTests.xctest */;
			productType = "com.apple.product-type.bundle.unit-test";
		};
/* End PBXNativeTarget section */

/* Begin PBXProject section */
		C87F88D81A33EDBA00AC99D5 /* Project object */ = {
			isa = PBXProject;
			attributes = {
				LastUpgradeCheck = 0610;
				ORGANIZATIONNAME = "Bryce Daniel";
				TargetAttributes = {
					C87F88DF1A33EDBA00AC99D5 = {
						CreatedOnToolsVersion = 6.1.1;
					};
					C87F88F81A33EDBA00AC99D5 = {
						CreatedOnToolsVersion = 6.1.1;
						TestTargetID = C87F88DF1A33EDBA00AC99D5;
					};
				};
			};
			buildConfigurationList = C87F88DB1A33EDBA00AC99D5 /* Build configuration list for PBXProject "Nodes" */;
			compatibilityVersion = "Xcode 3.2";
			developmentRegion = English;
			hasScannedForEncodings = 0;
			knownRegions = (
				en,
				Base,
			);
			mainGroup = C87F88D71A33EDBA00AC99D5;
			productRefGroup = C87F88E11A33EDBA00AC99D5 /* Products */;
			projectDirPath = "";
			projectRoot = "";
			targets = (
				C87F88DF1A33EDBA00AC99D5 /* Nodes */,
				C87F88F81A33EDBA00AC99D5 /* NodesTests */,
			);
		};
/* End PBXProject section */

/* Begin PBXResourcesBuildPhase section */
		C87F88DE1A33EDBA00AC99D5 /* Resources */ = {
			isa = PBXResourcesBuildPhase;
			buildActionMask = 2147483647;
			files = (
				C87F88F41A33EDBA00AC99D5 /* LaunchScreen.xib in Resources */,
				C87F89171A33EF5000AC99D5 /* nodeB@2x.png in Resources */,
				C87F88F11A33EDBA00AC99D5 /* Images.xcassets in Resources */,
				C87F88E81A33EDBA00AC99D5 /* GameScene.sks in Resources */,
				C87F89141A33EF5000AC99D5 /* 120 - iPhone App Icon.png in Resources */,
				C8E024621A34D45E0057D34B /* centerRing@2x.png in Resources */,
				C87F89161A33EF5000AC99D5 /* launchImage@2x.png in Resources */,
				C87F89191A33EF5000AC99D5 /* nodeM@2x.png in Resources */,
				C87F891B1A33EF5000AC99D5 /* nodeT@2x.png in Resources */,
				C87F89151A33EF5000AC99D5 /* background@2x.png in Resources */,
				C87F89181A33EF5000AC99D5 /* nodeG@2x.png in Resources */,
				C87F88EF1A33EDBA00AC99D5 /* Main.storyboard in Resources */,
				C87F891A1A33EF5000AC99D5 /* nodeR@2x.png in Resources */,
			);
			runOnlyForDeploymentPostprocessing = 0;
		};
		C87F88F71A33EDBA00AC99D5 /* Resources */ = {
			isa = PBXResourcesBuildPhase;
			buildActionMask = 2147483647;
			files = (
			);
			runOnlyForDeploymentPostprocessing = 0;
		};
/* End PBXResourcesBuildPhase section */

/* Begin PBXSourcesBuildPhase section */
		C87F88DC1A33EDBA00AC99D5 /* Sources */ = {
			isa = PBXSourcesBuildPhase;
			buildActionMask = 2147483647;
			files = (
				C87F88EA1A33EDBA00AC99D5 /* GameScene.swift in Sources */,
				C87F88EC1A33EDBA00AC99D5 /* GameViewController.swift in Sources */,
				C87F890A1A33EDFB00AC99D5 /* SpriteKit+Spring.swift in Sources */,
				C87F88E61A33EDBA00AC99D5 /* AppDelegate.swift in Sources */,
			);
			runOnlyForDeploymentPostprocessing = 0;
		};
		C87F88F51A33EDBA00AC99D5 /* Sources */ = {
			isa = PBXSourcesBuildPhase;
			buildActionMask = 2147483647;
			files = (
				C87F89001A33EDBA00AC99D5 /* NodesTests.swift in Sources */,
			);
			runOnlyForDeploymentPostprocessing = 0;
		};
/* End PBXSourcesBuildPhase section */

/* Begin PBXTargetDependency section */
		C87F88FB1A33EDBA00AC99D5 /* PBXTargetDependency */ = {
			isa = PBXTargetDependency;
			target = C87F88DF1A33EDBA00AC99D5 /* Nodes */;
			targetProxy = C87F88FA1A33EDBA00AC99D5 /* PBXContainerItemProxy */;
		};
/* End PBXTargetDependency section */

/* Begin PBXVariantGroup section */
		C87F88ED1A33EDBA00AC99D5 /* Main.storyboard */ = {
			isa = PBXVariantGroup;
			children = (
				C87F88EE1A33EDBA00AC99D5 /* Base */,
			);
			name = Main.storyboard;
			sourceTree = "<group>";
		};
		C87F88F21A33EDBA00AC99D5 /* LaunchScreen.xib */ = {
			isa = PBXVariantGroup;
			children = (
				C87F88F31A33EDBA00AC99D5 /* Base */,
			);
			name = LaunchScreen.xib;
			sourceTree = "<group>";
		};
/* End PBXVariantGroup section */

/* Begin XCBuildConfiguration section */
		C87F89011A33EDBA00AC99D5 /* Debug */ = {
			isa = XCBuildConfiguration;
			buildSettings = {
				ALWAYS_SEARCH_USER_PATHS = NO;
				CLANG_CXX_LANGUAGE_STANDARD = "gnu++0x";
				CLANG_CXX_LIBRARY = "libc++";
				CLANG_ENABLE_MODULES = YES;
				CLANG_ENABLE_OBJC_ARC = YES;
				CLANG_WARN_BOOL_CONVERSION = YES;
				CLANG_WARN_CONSTANT_CONVERSION = YES;
				CLANG_WARN_DIRECT_OBJC_ISA_USAGE = YES_ERROR;
				CLANG_WARN_EMPTY_BODY = YES;
				CLANG_WARN_ENUM_CONVERSION = YES;
				CLANG_WARN_INT_CONVERSION = YES;
				CLANG_WARN_OBJC_ROOT_CLASS = YES_ERROR;
				CLANG_WARN_UNREACHABLE_CODE = YES;
				CLANG_WARN__DUPLICATE_METHOD_MATCH = YES;
				"CODE_SIGN_IDENTITY[sdk=iphoneos*]" = "iPhone Developer";
				COPY_PHASE_STRIP = NO;
				ENABLE_STRICT_OBJC_MSGSEND = YES;
				GCC_C_LANGUAGE_STANDARD = gnu99;
				GCC_DYNAMIC_NO_PIC = NO;
				GCC_OPTIMIZATION_LEVEL = 0;
				GCC_PREPROCESSOR_DEFINITIONS = (
					"DEBUG=1",
					"$(inherited)",
				);
				GCC_SYMBOLS_PRIVATE_EXTERN = NO;
				GCC_WARN_64_TO_32_BIT_CONVERSION = YES;
				GCC_WARN_ABOUT_RETURN_TYPE = YES_ERROR;
				GCC_WARN_UNDECLARED_SELECTOR = YES;
				GCC_WARN_UNINITIALIZED_AUTOS = YES_AGGRESSIVE;
				GCC_WARN_UNUSED_FUNCTION = YES;
				GCC_WARN_UNUSED_VARIABLE = YES;
				IPHONEOS_DEPLOYMENT_TARGET = 8.1;
				MTL_ENABLE_DEBUG_INFO = YES;
				ONLY_ACTIVE_ARCH = YES;
				SDKROOT = iphoneos;
				SWIFT_OPTIMIZATION_LEVEL = "-Onone";
			};
			name = Debug;
		};
		C87F89021A33EDBA00AC99D5 /* Release */ = {
			isa = XCBuildConfiguration;
			buildSettings = {
				ALWAYS_SEARCH_USER_PATHS = NO;
				CLANG_CXX_LANGUAGE_STANDARD = "gnu++0x";
				CLANG_CXX_LIBRARY = "libc++";
				CLANG_ENABLE_MODULES = YES;
				CLANG_ENABLE_OBJC_ARC = YES;
				CLANG_WARN_BOOL_CONVERSION = YES;
				CLANG_WARN_CONSTANT_CONVERSION = YES;
				CLANG_WARN_DIRECT_OBJC_ISA_USAGE = YES_ERROR;
				CLANG_WARN_EMPTY_BODY = YES;
				CLANG_WARN_ENUM_CONVERSION = YES;
				CLANG_WARN_INT_CONVERSION = YES;
				CLANG_WARN_OBJC_ROOT_CLASS = YES_ERROR;
				CLANG_WARN_UNREACHABLE_CODE = YES;
				CLANG_WARN__DUPLICATE_METHOD_MATCH = YES;
				"CODE_SIGN_IDENTITY[sdk=iphoneos*]" = "iPhone Developer";
				COPY_PHASE_STRIP = YES;
				ENABLE_NS_ASSERTIONS = NO;
				ENABLE_STRICT_OBJC_MSGSEND = YES;
				GCC_C_LANGUAGE_STANDARD = gnu99;
				GCC_WARN_64_TO_32_BIT_CONVERSION = YES;
				GCC_WARN_ABOUT_RETURN_TYPE = YES_ERROR;
				GCC_WARN_UNDECLARED_SELECTOR = YES;
				GCC_WARN_UNINITIALIZED_AUTOS = YES_AGGRESSIVE;
				GCC_WARN_UNUSED_FUNCTION = YES;
				GCC_WARN_UNUSED_VARIABLE = YES;
				IPHONEOS_DEPLOYMENT_TARGET = 8.1;
				MTL_ENABLE_DEBUG_INFO = NO;
				SDKROOT = iphoneos;
				VALIDATE_PRODUCT = YES;
			};
			name = Release;
		};
		C87F89041A33EDBA00AC99D5 /* Debug */ = {
			isa = XCBuildConfiguration;
			buildSettings = {
				ASSETCATALOG_COMPILER_APPICON_NAME = AppIcon;
				INFOPLIST_FILE = Nodes/Info.plist;
				LD_RUNPATH_SEARCH_PATHS = "$(inherited) @executable_path/Frameworks";
				PRODUCT_NAME = "$(TARGET_NAME)";
			};
			name = Debug;
		};
		C87F89051A33EDBA00AC99D5 /* Release */ = {
			isa = XCBuildConfiguration;
			buildSettings = {
				ASSETCATALOG_COMPILER_APPICON_NAME = AppIcon;
				INFOPLIST_FILE = Nodes/Info.plist;
				LD_RUNPATH_SEARCH_PATHS = "$(inherited) @executable_path/Frameworks";
				PRODUCT_NAME = "$(TARGET_NAME)";
			};
			name = Release;
		};
		C87F89071A33EDBA00AC99D5 /* Debug */ = {
			isa = XCBuildConfiguration;
			buildSettings = {
				BUNDLE_LOADER = "$(TEST_HOST)";
				FRAMEWORK_SEARCH_PATHS = (
					"$(SDKROOT)/Developer/Library/Frameworks",
					"$(inherited)",
				);
				GCC_PREPROCESSOR_DEFINITIONS = (
					"DEBUG=1",
					"$(inherited)",
				);
				INFOPLIST_FILE = NodesTests/Info.plist;
				LD_RUNPATH_SEARCH_PATHS = "$(inherited) @executable_path/Frameworks @loader_path/Frameworks";
				PRODUCT_NAME = "$(TARGET_NAME)";
				TEST_HOST = "$(BUILT_PRODUCTS_DIR)/Nodes.app/Nodes";
			};
			name = Debug;
		};
		C87F89081A33EDBA00AC99D5 /* Release */ = {
			isa = XCBuildConfiguration;
			buildSettings = {
				BUNDLE_LOADER = "$(TEST_HOST)";
				FRAMEWORK_SEARCH_PATHS = (
					"$(SDKROOT)/Developer/Library/Frameworks",
					"$(inherited)",
				);
				INFOPLIST_FILE = NodesTests/Info.plist;
				LD_RUNPATH_SEARCH_PATHS = "$(inherited) @executable_path/Frameworks @loader_path/Frameworks";
				PRODUCT_NAME = "$(TARGET_NAME)";
				TEST_HOST = "$(BUILT_PRODUCTS_DIR)/Nodes.app/Nodes";
			};
			name = Release;
		};
/* End XCBuildConfiguration section */

/* Begin XCConfigurationList section */
		C87F88DB1A33EDBA00AC99D5 /* Build configuration list for PBXProject "Nodes" */ = {
			isa = XCConfigurationList;
			buildConfigurations = (
				C87F89011A33EDBA00AC99D5 /* Debug */,
				C87F89021A33EDBA00AC99D5 /* Release */,
			);
			defaultConfigurationIsVisible = 0;
			defaultConfigurationName = Release;
		};
		C87F89031A33EDBA00AC99D5 /* Build configuration list for PBXNativeTarget "Nodes" */ = {
			isa = XCConfigurationList;
			buildConfigurations = (
				C87F89041A33EDBA00AC99D5 /* Debug */,
				C87F89051A33EDBA00AC99D5 /* Release */,
			);
			defaultConfigurationIsVisible = 0;
			defaultConfigurationName = Release;
		};
		C87F89061A33EDBA00AC99D5 /* Build configuration list for PBXNativeTarget "NodesTests" */ = {
			isa = XCConfigurationList;
			buildConfigurations = (
				C87F89071A33EDBA00AC99D5 /* Debug */,
				C87F89081A33EDBA00AC99D5 /* Release */,
			);
			defaultConfigurationIsVisible = 0;
			defaultConfigurationName = Release;
		};
/* End XCConfigurationList section */
	};
	rootObject = C87F88D81A33EDBA00AC99D5 /* Project object */;
}
